
Microsoft Visual Studio Solution File, Format Version 12.00
# Visual Studio Version 17
VisualStudioVersion = 17.3.32922.545
MinimumVisualStudioVersion = 10.0.40219.1
Project("{FAE04EC0-301F-11D3-BF4B-00C04F79EFBC}") = "NZWalks.API", "NZWalks.API\NZWalks.API.csproj", "{6562A3A4-7544-4A19-9583-1278C33A1CCE}"
EndProject
Global
	GlobalSection(SolutionConfigurationPlatforms) = preSolution
		Debug|Any CPU = Debug|Any CPU
		Release|Any CPU = Release|Any CPU
	EndGlobalSection
	GlobalSection(ProjectConfigurationPlatforms) = postSolution
		{6562A3A4-7544-4A19-9583-1278C33A1CCE}.Debug|Any CPU.ActiveCfg = Debug|Any CPU
		{6562A3A4-7544-4A19-9583-1278C33A1CCE}.Debug|Any CPU.Build.0 = Debug|Any CPU
		{6562A3A4-7544-4A19-9583-1278C33A1CCE}.Release|Any CPU.ActiveCfg = Release|Any CPU
		{6562A3A4-7544-4A19-9583-1278C33A1CCE}.Release|Any CPU.Build.0 = Release|Any CPU
	EndGlobalSection
	GlobalSection(SolutionProperties) = preSolution
		HideSolutionNode = FALSE
	EndGlobalSection
	GlobalSection(ExtensibilityGlobals) = postSolution
		SolutionGuid = {D5691A93-AE7C-4BA6-977F-223D35D03DF1}
	EndGlobalSection
EndGlobal
